// !$*UTF8*$!
{
	archiveVersion = 1;
	classes = {
	};
	objectVersion = 56;
	objects = {

/* Begin PBXBuildFile section */
		7E290B952A30AA3600A3B6FE /* TestsCodeCovApp.swift in Sources */ = {isa = PBXBuildFile; fileRef = 7E290B942A30AA3600A3B6FE /* TestsCodeCovApp.swift */; };
		7E290B972A30AA3600A3B6FE /* ContentView.swift in Sources */ = {isa = PBXBuildFile; fileRef = 7E290B962A30AA3600A3B6FE /* ContentView.swift */; };
		7E290B992A30AA3700A3B6FE /* Assets.xcassets in Resources */ = {isa = PBXBuildFile; fileRef = 7E290B982A30AA3700A3B6FE /* Assets.xcassets */; };
		7E290B9C2A30AA3700A3B6FE /* Preview Assets.xcassets in Resources */ = {isa = PBXBuildFile; fileRef = 7E290B9B2A30AA3700A3B6FE /* Preview Assets.xcassets */; };
		7E290BA62A30AA3700A3B6FE /* TestsCodeCovTests.swift in Sources */ = {isa = PBXBuildFile; fileRef = 7E290BA52A30AA3700A3B6FE /* TestsCodeCovTests.swift */; };
		7E290BB02A30AA3700A3B6FE /* TestsCodeCovUITests.swift in Sources */ = {isa = PBXBuildFile; fileRef = 7E290BAF2A30AA3700A3B6FE /* TestsCodeCovUITests.swift */; };
		7E290BB22A30AA3700A3B6FE /* TestsCodeCovUITestsLaunchTests.swift in Sources */ = {isa = PBXBuildFile; fileRef = 7E290BB12A30AA3700A3B6FE /* TestsCodeCovUITestsLaunchTests.swift */; };
		7E290BC02A30AAD000A3B6FE /* Coffee.swift in Sources */ = {isa = PBXBuildFile; fileRef = 7E290BBF2A30AAD000A3B6FE /* Coffee.swift */; };
/* End PBXBuildFile section */

/* Begin PBXContainerItemProxy section */
		7E290BA22A30AA3700A3B6FE /* PBXContainerItemProxy */ = {
			isa = PBXContainerItemProxy;
			containerPortal = 7E290B892A30AA3600A3B6FE /* Project object */;
			proxyType = 1;
			remoteGlobalIDString = 7E290B902A30AA3600A3B6FE;
			remoteInfo = TestsCodeCov;
		};
		7E290BAC2A30AA3700A3B6FE /* PBXContainerItemProxy */ = {
			isa = PBXContainerItemProxy;
			containerPortal = 7E290B892A30AA3600A3B6FE /* Project object */;
			proxyType = 1;
			remoteGlobalIDString = 7E290B902A30AA3600A3B6FE;
			remoteInfo = TestsCodeCov;
		};
/* End PBXContainerItemProxy section */

/* Begin PBXFileReference section */
		7E290B912A30AA3600A3B6FE /* TestsCodeCov.app */ = {isa = PBXFileReference; explicitFileType = wrapper.application; includeInIndex = 0; path = TestsCodeCov.app; sourceTree = BUILT_PRODUCTS_DIR; };
		7E290B942A30AA3600A3B6FE /* TestsCodeCovApp.swift */ = {isa = PBXFileReference; lastKnownFileType = sourcecode.swift; path = TestsCodeCovApp.swift; sourceTree = "<group>"; };
		7E290B962A30AA3600A3B6FE /* ContentView.swift */ = {isa = PBXFileReference; lastKnownFileType = sourcecode.swift; path = ContentView.swift; sourceTree = "<group>"; };
		7E290B982A30AA3700A3B6FE /* Assets.xcassets */ = {isa = PBXFileReference; lastKnownFileType = folder.assetcatalog; path = Assets.xcassets; sourceTree = "<group>"; };
		7E290B9B2A30AA3700A3B6FE /* Preview Assets.xcassets */ = {isa = PBXFileReference; lastKnownFileType = folder.assetcatalog; path = "Preview Assets.xcassets"; sourceTree = "<group>"; };
		7E290BA12A30AA3700A3B6FE /* TestsCodeCovTests.xctest */ = {isa = PBXFileReference; explicitFileType = wrapper.cfbundle; includeInIndex = 0; path = TestsCodeCovTests.xctest; sourceTree = BUILT_PRODUCTS_DIR; };
		7E290BA52A30AA3700A3B6FE /* TestsCodeCovTests.swift */ = {isa = PBXFileReference; lastKnownFileType = sourcecode.swift; path = TestsCodeCovTests.swift; sourceTree = "<group>"; };
		7E290BAB2A30AA3700A3B6FE /* TestsCodeCovUITests.xctest */ = {isa = PBXFileReference; explicitFileType = wrapper.cfbundle; includeInIndex = 0; path = TestsCodeCovUITests.xctest; sourceTree = BUILT_PRODUCTS_DIR; };
		7E290BAF2A30AA3700A3B6FE /* TestsCodeCovUITests.swift */ = {isa = PBXFileReference; lastKnownFileType = sourcecode.swift; path = TestsCodeCovUITests.swift; sourceTree = "<group>"; };
		7E290BB12A30AA3700A3B6FE /* TestsCodeCovUITestsLaunchTests.swift */ = {isa = PBXFileReference; lastKnownFileType = sourcecode.swift; path = TestsCodeCovUITestsLaunchTests.swift; sourceTree = "<group>"; };
		7E290BBF2A30AAD000A3B6FE /* Coffee.swift */ = {isa = PBXFileReference; lastKnownFileType = sourcecode.swift; path = Coffee.swift; sourceTree = "<group>"; };
/* End PBXFileReference section */

/* Begin PBXFrameworksBuildPhase section */
		7E290B8E2A30AA3600A3B6FE /* Frameworks */ = {
			isa = PBXFrameworksBuildPhase;
			buildActionMask = 2147483647;
			files = (
			);
			runOnlyForDeploymentPostprocessing = 0;
		};
		7E290B9E2A30AA3700A3B6FE /* Frameworks */ = {
			isa = PBXFrameworksBuildPhase;
			buildActionMask = 2147483647;
			files = (
			);
			runOnlyForDeploymentPostprocessing = 0;
		};
		7E290BA82A30AA3700A3B6FE /* Frameworks */ = {
			isa = PBXFrameworksBuildPhase;
			buildActionMask = 2147483647;
			files = (
			);
			runOnlyForDeploymentPostprocessing = 0;
		};
/* End PBXFrameworksBuildPhase section */

/* Begin PBXGroup section */
		7E290B882A30AA3600A3B6FE = {
			isa = PBXGroup;
			children = (
				7E290B932A30AA3600A3B6FE /* TestsCodeCov */,
				7E290BA42A30AA3700A3B6FE /* TestsCodeCovTests */,
				7E290BAE2A30AA3700A3B6FE /* TestsCodeCovUITests */,
				7E290B922A30AA3600A3B6FE /* Products */,
			);
			sourceTree = "<group>";
		};
		7E290B922A30AA3600A3B6FE /* Products */ = {
			isa = PBXGroup;
			children = (
				7E290B912A30AA3600A3B6FE /* TestsCodeCov.app */,
				7E290BA12A30AA3700A3B6FE /* TestsCodeCovTests.xctest */,
				7E290BAB2A30AA3700A3B6FE /* TestsCodeCovUITests.xctest */,
			);
			name = Products;
			sourceTree = "<group>";
		};
		7E290B932A30AA3600A3B6FE /* TestsCodeCov */ = {
			isa = PBXGroup;
			children = (
				7E290BBE2A30AA4000A3B6FE /* Helper */,
				7E290B942A30AA3600A3B6FE /* TestsCodeCovApp.swift */,
				7E290B962A30AA3600A3B6FE /* ContentView.swift */,
				7E290B982A30AA3700A3B6FE /* Assets.xcassets */,
				7E290B9A2A30AA3700A3B6FE /* Preview Content */,
			);
			path = TestsCodeCov;
			sourceTree = "<group>";
		};
		7E290B9A2A30AA3700A3B6FE /* Preview Content */ = {
			isa = PBXGroup;
			children = (
				7E290B9B2A30AA3700A3B6FE /* Preview Assets.xcassets */,
			);
			path = "Preview Content";
			sourceTree = "<group>";
		};
		7E290BA42A30AA3700A3B6FE /* TestsCodeCovTests */ = {
			isa = PBXGroup;
			children = (
				7E290BA52A30AA3700A3B6FE /* TestsCodeCovTests.swift */,
			);
			path = TestsCodeCovTests;
			sourceTree = "<group>";
		};
		7E290BAE2A30AA3700A3B6FE /* TestsCodeCovUITests */ = {
			isa = PBXGroup;
			children = (
				7E290BAF2A30AA3700A3B6FE /* TestsCodeCovUITests.swift */,
				7E290BB12A30AA3700A3B6FE /* TestsCodeCovUITestsLaunchTests.swift */,
			);
			path = TestsCodeCovUITests;
			sourceTree = "<group>";
		};
		7E290BBE2A30AA4000A3B6FE /* Helper */ = {
			isa = PBXGroup;
			children = (
				7E290BBF2A30AAD000A3B6FE /* Coffee.swift */,
			);
			path = Helper;
			sourceTree = "<group>";
		};
/* End PBXGroup section */

/* Begin PBXNativeTarget section */
		7E290B902A30AA3600A3B6FE /* TestsCodeCov */ = {
			isa = PBXNativeTarget;
			buildConfigurationList = 7E290BB52A30AA3700A3B6FE /* Build configuration list for PBXNativeTarget "TestsCodeCov" */;
			buildPhases = (
				7E290B8D2A30AA3600A3B6FE /* Sources */,
				7E290B8E2A30AA3600A3B6FE /* Frameworks */,
				7E290B8F2A30AA3600A3B6FE /* Resources */,
			);
			buildRules = (
			);
			dependencies = (
			);
			name = TestsCodeCov;
			productName = TestsCodeCov;
			productReference = 7E290B912A30AA3600A3B6FE /* TestsCodeCov.app */;
			productType = "com.apple.product-type.application";
		};
		7E290BA02A30AA3700A3B6FE /* TestsCodeCovTests */ = {
			isa = PBXNativeTarget;
			buildConfigurationList = 7E290BB82A30AA3700A3B6FE /* Build configuration list for PBXNativeTarget "TestsCodeCovTests" */;
			buildPhases = (
				7E290B9D2A30AA3700A3B6FE /* Sources */,
				7E290B9E2A30AA3700A3B6FE /* Frameworks */,
				7E290B9F2A30AA3700A3B6FE /* Resources */,
			);
			buildRules = (
			);
			dependencies = (
				7E290BA32A30AA3700A3B6FE /* PBXTargetDependency */,
			);
			name = TestsCodeCovTests;
			productName = TestsCodeCovTests;
			productReference = 7E290BA12A30AA3700A3B6FE /* TestsCodeCovTests.xctest */;
			productType = "com.apple.product-type.bundle.unit-test";
		};
		7E290BAA2A30AA3700A3B6FE /* TestsCodeCovUITests */ = {
			isa = PBXNativeTarget;
			buildConfigurationList = 7E290BBB2A30AA3700A3B6FE /* Build configuration list for PBXNativeTarget "TestsCodeCovUITests" */;
			buildPhases = (
				7E290BA72A30AA3700A3B6FE /* Sources */,
				7E290BA82A30AA3700A3B6FE /* Frameworks */,
				7E290BA92A30AA3700A3B6FE /* Resources */,
			);
			buildRules = (
			);
			dependencies = (
				7E290BAD2A30AA3700A3B6FE /* PBXTargetDependency */,
			);
			name = TestsCodeCovUITests;
			productName = TestsCodeCovUITests;
			productReference = 7E290BAB2A30AA3700A3B6FE /* TestsCodeCovUITests.xctest */;
			productType = "com.apple.product-type.bundle.ui-testing";
		};
/* End PBXNativeTarget section */

/* Begin PBXProject section */
		7E290B892A30AA3600A3B6FE /* Project object */ = {
			isa = PBXProject;
			attributes = {
				BuildIndependentTargetsInParallel = 1;
				LastSwiftUpdateCheck = 1420;
				LastUpgradeCheck = 1420;
				TargetAttributes = {
					7E290B902A30AA3600A3B6FE = {
						CreatedOnToolsVersion = 14.2;
					};
					7E290BA02A30AA3700A3B6FE = {
						CreatedOnToolsVersion = 14.2;
						TestTargetID = 7E290B902A30AA3600A3B6FE;
					};
					7E290BAA2A30AA3700A3B6FE = {
						CreatedOnToolsVersion = 14.2;
						TestTargetID = 7E290B902A30AA3600A3B6FE;
					};
				};
			};
			buildConfigurationList = 7E290B8C2A30AA3600A3B6FE /* Build configuration list for PBXProject "TestsCodeCov" */;
			compatibilityVersion = "Xcode 14.0";
			developmentRegion = en;
			hasScannedForEncodings = 0;
			knownRegions = (
				en,
				Base,
			);
			mainGroup = 7E290B882A30AA3600A3B6FE;
			productRefGroup = 7E290B922A30AA3600A3B6FE /* Products */;
			projectDirPath = "";
			projectRoot = "";
			targets = (
				7E290B902A30AA3600A3B6FE /* TestsCodeCov */,
				7E290BA02A30AA3700A3B6FE /* TestsCodeCovTests */,
				7E290BAA2A30AA3700A3B6FE /* TestsCodeCovUITests */,
			);
		};
/* End PBXProject section */

/* Begin PBXResourcesBuildPhase section */
		7E290B8F2A30AA3600A3B6FE /* Resources */ = {
			isa = PBXResourcesBuildPhase;
			buildActionMask = 2147483647;
			files = (
				7E290B9C2A30AA3700A3B6FE /* Preview Assets.xcassets in Resources */,
				7E290B992A30AA3700A3B6FE /* Assets.xcassets in Resources */,
			);
			runOnlyForDeploymentPostprocessing = 0;
		};
		7E290B9F2A30AA3700A3B6FE /* Resources */ = {
			isa = PBXResourcesBuildPhase;
			buildActionMask = 2147483647;
			files = (
			);
			runOnlyForDeploymentPostprocessing = 0;
		};
		7E290BA92A30AA3700A3B6FE /* Resources */ = {
			isa = PBXResourcesBuildPhase;
			buildActionMask = 2147483647;
			files = (
			);
			runOnlyForDeploymentPostprocessing = 0;
		};
/* End PBXResourcesBuildPhase section */

/* Begin PBXSourcesBuildPhase section */
		7E290B8D2A30AA3600A3B6FE /* Sources */ = {
			isa = PBXSourcesBuildPhase;
			buildActionMask = 2147483647;
			files = (
				7E290B972A30AA3600A3B6FE /* ContentView.swift in Sources */,
				7E290B952A30AA3600A3B6FE /* TestsCodeCovApp.swift in Sources */,
				7E290BC02A30AAD000A3B6FE /* Coffee.swift in Sources */,
			);
			runOnlyForDeploymentPostprocessing = 0;
		};
		7E290B9D2A30AA3700A3B6FE /* Sources */ = {
			isa = PBXSourcesBuildPhase;
			buildActionMask = 2147483647;
			files = (
				7E290BA62A30AA3700A3B6FE /* TestsCodeCovTests.swift in Sources */,
			);
			runOnlyForDeploymentPostprocessing = 0;
		};
		7E290BA72A30AA3700A3B6FE /* Sources */ = {
			isa = PBXSourcesBuildPhase;
			buildActionMask = 2147483647;
			files = (
				7E290BB22A30AA3700A3B6FE /* TestsCodeCovUITestsLaunchTests.swift in Sources */,
				7E290BB02A30AA3700A3B6FE /* TestsCodeCovUITests.swift in Sources */,
			);
			runOnlyForDeploymentPostprocessing = 0;
		};
/* End PBXSourcesBuildPhase section */

/* Begin PBXTargetDependency section */
		7E290BA32A30AA3700A3B6FE /* PBXTargetDependency */ = {
			isa = PBXTargetDependency;
			target = 7E290B902A30AA3600A3B6FE /* TestsCodeCov */;
			targetProxy = 7E290BA22A30AA3700A3B6FE /* PBXContainerItemProxy */;
		};
		7E290BAD2A30AA3700A3B6FE /* PBXTargetDependency */ = {
			isa = PBXTargetDependency;
			target = 7E290B902A30AA3600A3B6FE /* TestsCodeCov */;
			targetProxy = 7E290BAC2A30AA3700A3B6FE /* PBXContainerItemProxy */;
		};
/* End PBXTargetDependency section */

/* Begin XCBuildConfiguration section */
		7E290BB32A30AA3700A3B6FE /* Debug */ = {
			isa = XCBuildConfiguration;
			buildSettings = {
				ALWAYS_SEARCH_USER_PATHS = NO;
				CLANG_ANALYZER_NONNULL = YES;
				CLANG_ANALYZER_NUMBER_OBJECT_CONVERSION = YES_AGGRESSIVE;
				CLANG_CXX_LANGUAGE_STANDARD = "gnu++20";
				CLANG_ENABLE_MODULES = YES;
				CLANG_ENABLE_OBJC_ARC = YES;
				CLANG_ENABLE_OBJC_WEAK = YES;
				CLANG_WARN_BLOCK_CAPTURE_AUTORELEASING = YES;
				CLANG_WARN_BOOL_CONVERSION = YES;
				CLANG_WARN_COMMA = YES;
				CLANG_WARN_CONSTANT_CONVERSION = YES;
				CLANG_WARN_DEPRECATED_OBJC_IMPLEMENTATIONS = YES;
				CLANG_WARN_DIRECT_OBJC_ISA_USAGE = YES_ERROR;
				CLANG_WARN_DOCUMENTATION_COMMENTS = YES;
				CLANG_WARN_EMPTY_BODY = YES;
				CLANG_WARN_ENUM_CONVERSION = YES;
				CLANG_WARN_INFINITE_RECURSION = YES;
				CLANG_WARN_INT_CONVERSION = YES;
				CLANG_WARN_NON_LITERAL_NULL_CONVERSION = YES;
				CLANG_WARN_OBJC_IMPLICIT_RETAIN_SELF = YES;
				CLANG_WARN_OBJC_LITERAL_CONVERSION = YES;
				CLANG_WARN_OBJC_ROOT_CLASS = YES_ERROR;
				CLANG_WARN_QUOTED_INCLUDE_IN_FRAMEWORK_HEADER = YES;
				CLANG_WARN_RANGE_LOOP_ANALYSIS = YES;
				CLANG_WARN_STRICT_PROTOTYPES = YES;
				CLANG_WARN_SUSPICIOUS_MOVE = YES;
				CLANG_WARN_UNGUARDED_AVAILABILITY = YES_AGGRESSIVE;
				CLANG_WARN_UNREACHABLE_CODE = YES;
				CLANG_WARN__DUPLICATE_METHOD_MATCH = YES;
				COPY_PHASE_STRIP = NO;
				DEBUG_INFORMATION_FORMAT = dwarf;
				ENABLE_STRICT_OBJC_MSGSEND = YES;
				ENABLE_TESTABILITY = YES;
				GCC_C_LANGUAGE_STANDARD = gnu11;
				GCC_DYNAMIC_NO_PIC = NO;
				GCC_NO_COMMON_BLOCKS = YES;
				GCC_OPTIMIZATION_LEVEL = 0;
				GCC_PREPROCESSOR_DEFINITIONS = (
					"DEBUG=1",
					"$(inherited)",
				);
				GCC_WARN_64_TO_32_BIT_CONVERSION = YES;
				GCC_WARN_ABOUT_RETURN_TYPE = YES_ERROR;
				GCC_WARN_UNDECLARED_SELECTOR = YES;
				GCC_WARN_UNINITIALIZED_AUTOS = YES_AGGRESSIVE;
				GCC_WARN_UNUSED_FUNCTION = YES;
				GCC_WARN_UNUSED_VARIABLE = YES;
				IPHONEOS_DEPLOYMENT_TARGET = 16.2;
				MTL_ENABLE_DEBUG_INFO = INCLUDE_SOURCE;
				MTL_FAST_MATH = YES;
				ONLY_ACTIVE_ARCH = YES;
				SDKROOT = iphoneos;
				SWIFT_ACTIVE_COMPILATION_CONDITIONS = DEBUG;
				SWIFT_OPTIMIZATION_LEVEL = "-Onone";
			};
			name = Debug;
		};
		7E290BB42A30AA3700A3B6FE /* Release */ = {
			isa = XCBuildConfiguration;
			buildSettings = {
				ALWAYS_SEARCH_USER_PATHS = NO;
				CLANG_ANALYZER_NONNULL = YES;
				CLANG_ANALYZER_NUMBER_OBJECT_CONVERSION = YES_AGGRESSIVE;
				CLANG_CXX_LANGUAGE_STANDARD = "gnu++20";
				CLANG_ENABLE_MODULES = YES;
				CLANG_ENABLE_OBJC_ARC = YES;
				CLANG_ENABLE_OBJC_WEAK = YES;
				CLANG_WARN_BLOCK_CAPTURE_AUTORELEASING = YES;
				CLANG_WARN_BOOL_CONVERSION = YES;
				CLANG_WARN_COMMA = YES;
				CLANG_WARN_CONSTANT_CONVERSION = YES;
				CLANG_WARN_DEPRECATED_OBJC_IMPLEMENTATIONS = YES;
				CLANG_WARN_DIRECT_OBJC_ISA_USAGE = YES_ERROR;
				CLANG_WARN_DOCUMENTATION_COMMENTS = YES;
				CLANG_WARN_EMPTY_BODY = YES;
				CLANG_WARN_ENUM_CONVERSION = YES;
				CLANG_WARN_INFINITE_RECURSION = YES;
				CLANG_WARN_INT_CONVERSION = YES;
				CLANG_WARN_NON_LITERAL_NULL_CONVERSION = YES;
				CLANG_WARN_OBJC_IMPLICIT_RETAIN_SELF = YES;
				CLANG_WARN_OBJC_LITERAL_CONVERSION = YES;
				CLANG_WARN_OBJC_ROOT_CLASS = YES_ERROR;
				CLANG_WARN_QUOTED_INCLUDE_IN_FRAMEWORK_HEADER = YES;
				CLANG_WARN_RANGE_LOOP_ANALYSIS = YES;
				CLANG_WARN_STRICT_PROTOTYPES = YES;
				CLANG_WARN_SUSPICIOUS_MOVE = YES;
				CLANG_WARN_UNGUARDED_AVAILABILITY = YES_AGGRESSIVE;
				CLANG_WARN_UNREACHABLE_CODE = YES;
				CLANG_WARN__DUPLICATE_METHOD_MATCH = YES;
				COPY_PHASE_STRIP = NO;
				DEBUG_INFORMATION_FORMAT = "dwarf-with-dsym";
				ENABLE_NS_ASSERTIONS = NO;
				ENABLE_STRICT_OBJC_MSGSEND = YES;
				GCC_C_LANGUAGE_STANDARD = gnu11;
				GCC_NO_COMMON_BLOCKS = YES;
				GCC_WARN_64_TO_32_BIT_CONVERSION = YES;
				GCC_WARN_ABOUT_RETURN_TYPE = YES_ERROR;
				GCC_WARN_UNDECLARED_SELECTOR = YES;
				GCC_WARN_UNINITIALIZED_AUTOS = YES_AGGRESSIVE;
				GCC_WARN_UNUSED_FUNCTION = YES;
				GCC_WARN_UNUSED_VARIABLE = YES;
				IPHONEOS_DEPLOYMENT_TARGET = 16.2;
				MTL_ENABLE_DEBUG_INFO = NO;
				MTL_FAST_MATH = YES;
				SDKROOT = iphoneos;
				SWIFT_COMPILATION_MODE = wholemodule;
				SWIFT_OPTIMIZATION_LEVEL = "-O";
				VALIDATE_PRODUCT = YES;
			};
			name = Release;
		};
		7E290BB62A30AA3700A3B6FE /* Debug */ = {
			isa = XCBuildConfiguration;
			buildSettings = {
				ASSETCATALOG_COMPILER_APPICON_NAME = AppIcon;
				ASSETCATALOG_COMPILER_GLOBAL_ACCENT_COLOR_NAME = AccentColor;
				CODE_SIGN_STYLE = Automatic;
				CURRENT_PROJECT_VERSION = 1;
				DEVELOPMENT_ASSET_PATHS = "\"TestsCodeCov/Preview Content\"";
				ENABLE_PREVIEWS = YES;
				GENERATE_INFOPLIST_FILE = YES;
				INFOPLIST_KEY_UIApplicationSceneManifest_Generation = YES;
				INFOPLIST_KEY_UIApplicationSupportsIndirectInputEvents = YES;
				INFOPLIST_KEY_UILaunchScreen_Generation = YES;
				INFOPLIST_KEY_UISupportedInterfaceOrientations_iPad = "UIInterfaceOrientationPortrait UIInterfaceOrientationPortraitUpsideDown UIInterfaceOrientationLandscapeLeft UIInterfaceOrientationLandscapeRight";
				INFOPLIST_KEY_UISupportedInterfaceOrientations_iPhone = "UIInterfaceOrientationPortrait UIInterfaceOrientationLandscapeLeft UIInterfaceOrientationLandscapeRight";
				LD_RUNPATH_SEARCH_PATHS = (
					"$(inherited)",
					"@executable_path/Frameworks",
				);
				MARKETING_VERSION = 1.0;
				PRODUCT_BUNDLE_IDENTIFIER = "com.levbond-ios.TestsCodeCov";
				PRODUCT_NAME = "$(TARGET_NAME)";
				SWIFT_EMIT_LOC_STRINGS = YES;
				SWIFT_VERSION = 5.0;
				TARGETED_DEVICE_FAMILY = "1,2";
			};
			name = Debug;
		};
		7E290BB72A30AA3700A3B6FE /* Release */ = {
			isa = XCBuildConfiguration;
			buildSettings = {
				ASSETCATALOG_COMPILER_APPICON_NAME = AppIcon;
				ASSETCATALOG_COMPILER_GLOBAL_ACCENT_COLOR_NAME = AccentColor;
				CODE_SIGN_STYLE = Automatic;
				CURRENT_PROJECT_VERSION = 1;
				DEVELOPMENT_ASSET_PATHS = "\"TestsCodeCov/Preview Content\"";
				ENABLE_PREVIEWS = YES;
				GENERATE_INFOPLIST_FILE = YES;
				INFOPLIST_KEY_UIApplicationSceneManifest_Generation = YES;
				INFOPLIST_KEY_UIApplicationSupportsIndirectInputEvents = YES;
				INFOPLIST_KEY_UILaunchScreen_Generation = YES;
				INFOPLIST_KEY_UISupportedInterfaceOrientations_iPad = "UIInterfaceOrientationPortrait UIInterfaceOrientationPortraitUpsideDown UIInterfaceOrientationLandscapeLeft UIInterfaceOrientationLandscapeRight";
				INFOPLIST_KEY_UISupportedInterfaceOrientations_iPhone = "UIInterfaceOrientationPortrait UIInterfaceOrientationLandscapeLeft UIInterfaceOrientationLandscapeRight";
				LD_RUNPATH_SEARCH_PATHS = (
					"$(inherited)",
					"@executable_path/Frameworks",
				);
				MARKETING_VERSION = 1.0;
				PRODUCT_BUNDLE_IDENTIFIER = "com.levbond-ios.TestsCodeCov";
				PRODUCT_NAME = "$(TARGET_NAME)";
				SWIFT_EMIT_LOC_STRINGS = YES;
				SWIFT_VERSION = 5.0;
				TARGETED_DEVICE_FAMILY = "1,2";
			};
			name = Release;
		};
		7E290BB92A30AA3700A3B6FE /* Debug */ = {
			isa = XCBuildConfiguration;
			buildSettings = {
				ALWAYS_EMBED_SWIFT_STANDARD_LIBRARIES = YES;
				BUNDLE_LOADER = "$(TEST_HOST)";
				CODE_SIGN_STYLE = Automatic;
				CURRENT_PROJECT_VERSION = 1;
				GENERATE_INFOPLIST_FILE = YES;
				IPHONEOS_DEPLOYMENT_TARGET = 16.2;
				MARKETING_VERSION = 1.0;
				PRODUCT_BUNDLE_IDENTIFIER = "com.levbond-ios.TestsCodeCovTests";
				PRODUCT_NAME = "$(TARGET_NAME)";
				SWIFT_EMIT_LOC_STRINGS = NO;
				SWIFT_VERSION = 5.0;
				TARGETED_DEVICE_FAMILY = "1,2";
				TEST_HOST = "$(BUILT_PRODUCTS_DIR)/TestsCodeCov.app/$(BUNDLE_EXECUTABLE_FOLDER_PATH)/TestsCodeCov";
			};
			name = Debug;
		};
		7E290BBA2A30AA3700A3B6FE /* Release */ = {
			isa = XCBuildConfiguration;
			buildSettings = {
				ALWAYS_EMBED_SWIFT_STANDARD_LIBRARIES = YES;
				BUNDLE_LOADER = "$(TEST_HOST)";
				CODE_SIGN_STYLE = Automatic;
				CURRENT_PROJECT_VERSION = 1;
				GENERATE_INFOPLIST_FILE = YES;
				IPHONEOS_DEPLOYMENT_TARGET = 16.2;
				MARKETING_VERSION = 1.0;
				PRODUCT_BUNDLE_IDENTIFIER = "com.levbond-ios.TestsCodeCovTests";
				PRODUCT_NAME = "$(TARGET_NAME)";
				SWIFT_EMIT_LOC_STRINGS = NO;
				SWIFT_VERSION = 5.0;
				TARGETED_DEVICE_FAMILY = "1,2";
				TEST_HOST = "$(BUILT_PRODUCTS_DIR)/TestsCodeCov.app/$(BUNDLE_EXECUTABLE_FOLDER_PATH)/TestsCodeCov";
			};
			name = Release;
		};
		7E290BBC2A30AA3700A3B6FE /* Debug */ = {
			isa = XCBuildConfiguration;
			buildSettings = {
				ALWAYS_EMBED_SWIFT_STANDARD_LIBRARIES = YES;
				CODE_SIGN_STYLE = Automatic;
				CURRENT_PROJECT_VERSION = 1;
				GENERATE_INFOPLIST_FILE = YES;
				MARKETING_VERSION = 1.0;
				PRODUCT_BUNDLE_IDENTIFIER = "com.levbond-ios.TestsCodeCovUITests";
				PRODUCT_NAME = "$(TARGET_NAME)";
				SWIFT_EMIT_LOC_STRINGS = NO;
				SWIFT_VERSION = 5.0;
				TARGETED_DEVICE_FAMILY = "1,2";
				TEST_TARGET_NAME = TestsCodeCov;
			};
			name = Debug;
		};
		7E290BBD2A30AA3700A3B6FE /* Release */ = {
			isa = XCBuildConfiguration;
			buildSettings = {
				ALWAYS_EMBED_SWIFT_STANDARD_LIBRARIES = YES;
				CODE_SIGN_STYLE = Automatic;
				CURRENT_PROJECT_VERSION = 1;
				GENERATE_INFOPLIST_FILE = YES;
				MARKETING_VERSION = 1.0;
				PRODUCT_BUNDLE_IDENTIFIER = "com.levbond-ios.TestsCodeCovUITests";
				PRODUCT_NAME = "$(TARGET_NAME)";
				SWIFT_EMIT_LOC_STRINGS = NO;
				SWIFT_VERSION = 5.0;
				TARGETED_DEVICE_FAMILY = "1,2";
				TEST_TARGET_NAME = TestsCodeCov;
			};
			name = Release;
		};
/* End XCBuildConfiguration section */

/* Begin XCConfigurationList section */
		7E290B8C2A30AA3600A3B6FE /* Build configuration list for PBXProject "TestsCodeCov" */ = {
			isa = XCConfigurationList;
			buildConfigurations = (
				7E290BB32A30AA3700A3B6FE /* Debug */,
				7E290BB42A30AA3700A3B6FE /* Release */,
			);
			defaultConfigurationIsVisible = 0;
			defaultConfigurationName = Release;
		};
		7E290BB52A30AA3700A3B6FE /* Build configuration list for PBXNativeTarget "TestsCodeCov" */ = {
			isa = XCConfigurationList;
			buildConfigurations = (
				7E290BB62A30AA3700A3B6FE /* Debug */,
				7E290BB72A30AA3700A3B6FE /* Release */,
			);
			defaultConfigurationIsVisible = 0;
			defaultConfigurationName = Release;
		};
		7E290BB82A30AA3700A3B6FE /* Build configuration list for PBXNativeTarget "TestsCodeCovTests" */ = {
			isa = XCConfigurationList;
			buildConfigurations = (
				7E290BB92A30AA3700A3B6FE /* Debug */,
				7E290BBA2A30AA3700A3B6FE /* Release */,
			);
			defaultConfigurationIsVisible = 0;
			defaultConfigurationName = Release;
		};
		7E290BBB2A30AA3700A3B6FE /* Build configuration list for PBXNativeTarget "TestsCodeCovUITests" */ = {
			isa = XCConfigurationList;
			buildConfigurations = (
				7E290BBC2A30AA3700A3B6FE /* Debug */,
				7E290BBD2A30AA3700A3B6FE /* Release */,
			);
			defaultConfigurationIsVisible = 0;
			defaultConfigurationName = Release;
		};
/* End XCConfigurationList section */
	};
	rootObject = 7E290B892A30AA3600A3B6FE /* Project object */;
}
